
Microsoft Visual Studio Solution File, Format Version 12.00
# Visual Studio Version 16
VisualStudioVersion = 16.0.30413.136
MinimumVisualStudioVersion = 10.0.40219.1
Project("{FAE04EC0-301F-11D3-BF4B-00C04F79EFBC}") = "GroceryWarehouse", "GroceryWarehouse\GroceryWarehouse.csproj", "{45A90530-EF1E-48C3-8938-5303555475EC}"
EndProject
Project("{FAE04EC0-301F-11D3-BF4B-00C04F79EFBC}") = "DAL", "DAL\DAL.csproj", "{2AA2DDF7-6385-4041-B651-17D269D23238}"
EndProject
Global
	GlobalSection(SolutionConfigurationPlatforms) = preSolution
		Debug|Any CPU = Debug|Any CPU
		Release|Any CPU = Release|Any CPU
	EndGlobalSection
	GlobalSection(ProjectConfigurationPlatforms) = postSolution
		{45A90530-EF1E-48C3-8938-5303555475EC}.Debug|Any CPU.ActiveCfg = Debug|Any CPU
		{45A90530-EF1E-48C3-8938-5303555475EC}.Debug|Any CPU.Build.0 = Debug|Any CPU
		{45A90530-EF1E-48C3-8938-5303555475EC}.Release|Any CPU.ActiveCfg = Release|Any CPU
		{45A90530-EF1E-48C3-8938-5303555475EC}.Release|Any CPU.Build.0 = Release|Any CPU
		{2AA2DDF7-6385-4041-B651-17D269D23238}.Debug|Any CPU.ActiveCfg = Debug|Any CPU
		{2AA2DDF7-6385-4041-B651-17D269D23238}.Debug|Any CPU.Build.0 = Debug|Any CPU
		{2AA2DDF7-6385-4041-B651-17D269D23238}.Release|Any CPU.ActiveCfg = Release|Any CPU
		{2AA2DDF7-6385-4041-B651-17D269D23238}.Release|Any CPU.Build.0 = Release|Any CPU
	EndGlobalSection
	GlobalSection(SolutionProperties) = preSolution
		HideSolutionNode = FALSE
	EndGlobalSection
	GlobalSection(ExtensibilityGlobals) = postSolution
		SolutionGuid = {D3724267-DE3C-4571-A609-0E0BAFF7E6D3}
	EndGlobalSection
EndGlobal
